
Microsoft Visual Studio Solution File, Format Version 12.00
# Visual Studio 15
VisualStudioVersion = 15.0.26124.0
MinimumVisualStudioVersion = 15.0.26124.0
Project("{2150E333-8FDC-42A3-9474-1A3956D46DE8}") = ".paket", ".paket", "{2DEB3887-9FB8-450B-A764-A61B7E0562CD}"
	ProjectSection(SolutionItems) = preProject
		paket.dependencies = paket.dependencies
	EndProjectSection
EndProject
Project("{2150E333-8FDC-42A3-9474-1A3956D46DE8}") = "src", "src", "{7C6DD87A-C2D8-4A7F-A00F-F6C9F1ED6203}"
EndProject
Project("{F2A71F9B-5D33-465A-A702-920D77279786}") = "RoonTagger.Cli", "src\RoonTagger.Cli\RoonTagger.Cli.fsproj", "{C57CC9D3-5427-4940-9A6D-FA40901CDA62}"
EndProject
Project("{F2A71F9B-5D33-465A-A702-920D77279786}") = "Metadata.Lib", "src\Metadata.Lib\Metadata.Lib.fsproj", "{69227A62-57B9-47E2-831B-BA41A915CAAE}"
EndProject
Project("{F2A71F9B-5D33-465A-A702-920D77279786}") = "Metadata.Test", "src\Metadata.Test\Metadata.Test.fsproj", "{C3451757-BD16-4A3E-9356-3584C7A145D5}"
EndProject
Project("{F2A71F9B-5D33-465A-A702-920D77279786}") = "RoonTagger.Cli.Test", "src\RoonTagger.Cli.Test\RoonTagger.Cli.Test.fsproj", "{C21A6273-1B76-4993-85AA-DC73F8E54770}"
EndProject
Project("{F2A71F9B-5D33-465A-A702-920D77279786}") = "Build", "build\Build.fsproj", "{3342B827-FC6D-419D-A2CB-1D4D25D3714E}"
EndProject
Global
	GlobalSection(SolutionConfigurationPlatforms) = preSolution
		Debug|Any CPU = Debug|Any CPU
		Debug|x64 = Debug|x64
		Debug|x86 = Debug|x86
		Release|Any CPU = Release|Any CPU
		Release|x64 = Release|x64
		Release|x86 = Release|x86
	EndGlobalSection
	GlobalSection(SolutionProperties) = preSolution
		HideSolutionNode = FALSE
	EndGlobalSection
	GlobalSection(ProjectConfigurationPlatforms) = postSolution
		{C57CC9D3-5427-4940-9A6D-FA40901CDA62}.Debug|Any CPU.ActiveCfg = Debug|Any CPU
		{C57CC9D3-5427-4940-9A6D-FA40901CDA62}.Debug|Any CPU.Build.0 = Debug|Any CPU
		{C57CC9D3-5427-4940-9A6D-FA40901CDA62}.Debug|x64.ActiveCfg = Debug|Any CPU
		{C57CC9D3-5427-4940-9A6D-FA40901CDA62}.Debug|x64.Build.0 = Debug|Any CPU
		{C57CC9D3-5427-4940-9A6D-FA40901CDA62}.Debug|x86.ActiveCfg = Debug|Any CPU
		{C57CC9D3-5427-4940-9A6D-FA40901CDA62}.Debug|x86.Build.0 = Debug|Any CPU
		{C57CC9D3-5427-4940-9A6D-FA40901CDA62}.Release|Any CPU.ActiveCfg = Release|Any CPU
		{C57CC9D3-5427-4940-9A6D-FA40901CDA62}.Release|Any CPU.Build.0 = Release|Any CPU
		{C57CC9D3-5427-4940-9A6D-FA40901CDA62}.Release|x64.ActiveCfg = Release|Any CPU
		{C57CC9D3-5427-4940-9A6D-FA40901CDA62}.Release|x64.Build.0 = Release|Any CPU
		{C57CC9D3-5427-4940-9A6D-FA40901CDA62}.Release|x86.ActiveCfg = Release|Any CPU
		{C57CC9D3-5427-4940-9A6D-FA40901CDA62}.Release|x86.Build.0 = Release|Any CPU
		{69227A62-57B9-47E2-831B-BA41A915CAAE}.Debug|Any CPU.ActiveCfg = Debug|Any CPU
		{69227A62-57B9-47E2-831B-BA41A915CAAE}.Debug|Any CPU.Build.0 = Debug|Any CPU
		{69227A62-57B9-47E2-831B-BA41A915CAAE}.Debug|x64.ActiveCfg = Debug|Any CPU
		{69227A62-57B9-47E2-831B-BA41A915CAAE}.Debug|x64.Build.0 = Debug|Any CPU
		{69227A62-57B9-47E2-831B-BA41A915CAAE}.Debug|x86.ActiveCfg = Debug|Any CPU
		{69227A62-57B9-47E2-831B-BA41A915CAAE}.Debug|x86.Build.0 = Debug|Any CPU
		{69227A62-57B9-47E2-831B-BA41A915CAAE}.Release|Any CPU.ActiveCfg = Release|Any CPU
		{69227A62-57B9-47E2-831B-BA41A915CAAE}.Release|Any CPU.Build.0 = Release|Any CPU
		{69227A62-57B9-47E2-831B-BA41A915CAAE}.Release|x64.ActiveCfg = Release|Any CPU
		{69227A62-57B9-47E2-831B-BA41A915CAAE}.Release|x64.Build.0 = Release|Any CPU
		{69227A62-57B9-47E2-831B-BA41A915CAAE}.Release|x86.ActiveCfg = Release|Any CPU
		{69227A62-57B9-47E2-831B-BA41A915CAAE}.Release|x86.Build.0 = Release|Any CPU
		{C3451757-BD16-4A3E-9356-3584C7A145D5}.Debug|Any CPU.ActiveCfg = Debug|Any CPU
		{C3451757-BD16-4A3E-9356-3584C7A145D5}.Debug|Any CPU.Build.0 = Debug|Any CPU
		{C3451757-BD16-4A3E-9356-3584C7A145D5}.Debug|x64.ActiveCfg = Debug|Any CPU
		{C3451757-BD16-4A3E-9356-3584C7A145D5}.Debug|x64.Build.0 = Debug|Any CPU
		{C3451757-BD16-4A3E-9356-3584C7A145D5}.Debug|x86.ActiveCfg = Debug|Any CPU
		{C3451757-BD16-4A3E-9356-3584C7A145D5}.Debug|x86.Build.0 = Debug|Any CPU
		{C3451757-BD16-4A3E-9356-3584C7A145D5}.Release|Any CPU.ActiveCfg = Release|Any CPU
		{C3451757-BD16-4A3E-9356-3584C7A145D5}.Release|Any CPU.Build.0 = Release|Any CPU
		{C3451757-BD16-4A3E-9356-3584C7A145D5}.Release|x64.ActiveCfg = Release|Any CPU
		{C3451757-BD16-4A3E-9356-3584C7A145D5}.Release|x64.Build.0 = Release|Any CPU
		{C3451757-BD16-4A3E-9356-3584C7A145D5}.Release|x86.ActiveCfg = Release|Any CPU
		{C3451757-BD16-4A3E-9356-3584C7A145D5}.Release|x86.Build.0 = Release|Any CPU
		{C21A6273-1B76-4993-85AA-DC73F8E54770}.Debug|Any CPU.ActiveCfg = Debug|Any CPU
		{C21A6273-1B76-4993-85AA-DC73F8E54770}.Debug|Any CPU.Build.0 = Debug|Any CPU
		{C21A6273-1B76-4993-85AA-DC73F8E54770}.Debug|x64.ActiveCfg = Debug|Any CPU
		{C21A6273-1B76-4993-85AA-DC73F8E54770}.Debug|x64.Build.0 = Debug|Any CPU
		{C21A6273-1B76-4993-85AA-DC73F8E54770}.Debug|x86.ActiveCfg = Debug|Any CPU
		{C21A6273-1B76-4993-85AA-DC73F8E54770}.Debug|x86.Build.0 = Debug|Any CPU
		{C21A6273-1B76-4993-85AA-DC73F8E54770}.Release|Any CPU.ActiveCfg = Release|Any CPU
		{C21A6273-1B76-4993-85AA-DC73F8E54770}.Release|Any CPU.Build.0 = Release|Any CPU
		{C21A6273-1B76-4993-85AA-DC73F8E54770}.Release|x64.ActiveCfg = Release|Any CPU
		{C21A6273-1B76-4993-85AA-DC73F8E54770}.Release|x64.Build.0 = Release|Any CPU
		{C21A6273-1B76-4993-85AA-DC73F8E54770}.Release|x86.ActiveCfg = Release|Any CPU
		{C21A6273-1B76-4993-85AA-DC73F8E54770}.Release|x86.Build.0 = Release|Any CPU
		{3342B827-FC6D-419D-A2CB-1D4D25D3714E}.Debug|Any CPU.ActiveCfg = Debug|Any CPU
		{3342B827-FC6D-419D-A2CB-1D4D25D3714E}.Debug|x64.ActiveCfg = Debug|Any CPU
		{3342B827-FC6D-419D-A2CB-1D4D25D3714E}.Debug|x64.Build.0 = Debug|Any CPU
		{3342B827-FC6D-419D-A2CB-1D4D25D3714E}.Debug|x86.ActiveCfg = Debug|Any CPU
		{3342B827-FC6D-419D-A2CB-1D4D25D3714E}.Debug|x86.Build.0 = Debug|Any CPU
		{3342B827-FC6D-419D-A2CB-1D4D25D3714E}.Release|Any CPU.ActiveCfg = Release|Any CPU
		{3342B827-FC6D-419D-A2CB-1D4D25D3714E}.Release|Any CPU.Build.0 = Release|Any CPU
		{3342B827-FC6D-419D-A2CB-1D4D25D3714E}.Release|x64.ActiveCfg = Release|Any CPU
		{3342B827-FC6D-419D-A2CB-1D4D25D3714E}.Release|x64.Build.0 = Release|Any CPU
		{3342B827-FC6D-419D-A2CB-1D4D25D3714E}.Release|x86.ActiveCfg = Release|Any CPU
		{3342B827-FC6D-419D-A2CB-1D4D25D3714E}.Release|x86.Build.0 = Release|Any CPU
	EndGlobalSection
	GlobalSection(NestedProjects) = preSolution
		{C57CC9D3-5427-4940-9A6D-FA40901CDA62} = {7C6DD87A-C2D8-4A7F-A00F-F6C9F1ED6203}
		{69227A62-57B9-47E2-831B-BA41A915CAAE} = {7C6DD87A-C2D8-4A7F-A00F-F6C9F1ED6203}
		{C3451757-BD16-4A3E-9356-3584C7A145D5} = {7C6DD87A-C2D8-4A7F-A00F-F6C9F1ED6203}
		{C21A6273-1B76-4993-85AA-DC73F8E54770} = {7C6DD87A-C2D8-4A7F-A00F-F6C9F1ED6203}
	EndGlobalSection
EndGlobal
